
Microsoft Visual Studio Solution File, Format Version 12.00
# Visual Studio Version 16
VisualStudioVersion = 16.0.35425.106
MinimumVisualStudioVersion = 10.0.40219.1
Project("{FAE04EC0-301F-11D3-BF4B-00C04F79EFBC}") = "Tetris", "Tetris\Tetris.csproj", "{D79D2138-6E1D-4B91-A0B6-BA1EE7C2E5B2}"
EndProject
Global
	GlobalSection(SolutionConfigurationPlatforms) = preSolution
		Debug|Any CPU = Debug|Any CPU
		Release|Any CPU = Release|Any CPU
	EndGlobalSection
	GlobalSection(ProjectConfigurationPlatforms) = postSolution
		{D79D2138-6E1D-4B91-A0B6-BA1EE7C2E5B2}.Debug|Any CPU.ActiveCfg = Debug|Any CPU
		{D79D2138-6E1D-4B91-A0B6-BA1EE7C2E5B2}.Debug|Any CPU.Build.0 = Debug|Any CPU
		{D79D2138-6E1D-4B91-A0B6-BA1EE7C2E5B2}.Release|Any CPU.ActiveCfg = Release|Any CPU
		{D79D2138-6E1D-4B91-A0B6-BA1EE7C2E5B2}.Release|Any CPU.Build.0 = Release|Any CPU
	EndGlobalSection
	GlobalSection(SolutionProperties) = preSolution
		HideSolutionNode = FALSE
	EndGlobalSection
	GlobalSection(ExtensibilityGlobals) = postSolution
		SolutionGuid = {CC7CC1B2-8317-4E64-9AB6-E80D348B9641}
	EndGlobalSection
EndGlobal
